Microsoft Visual Studio Solution File, Format Version 11.00
# Visual Studio 2008

Project("{C14C9495-E502-53E3-17F2-1DB68F273254}") = "Summer2017", "Assembly-CSharp.csproj", "{E79F63C3-73C6-0989-AB35-5311176F2824}"
EndProject
Global
	GlobalSection(SolutionConfigurationPlatforms) = preSolution
		Debug|Any CPU = Debug|Any CPU
		Release|Any CPU = Release|Any CPU
	EndGlobalSection
	GlobalSection(ProjectConfigurationPlatforms) = postSolution
		{E79F63C3-73C6-0989-AB35-5311176F2824}.Debug|Any CPU.ActiveCfg = Debug|Any CPU
		{E79F63C3-73C6-0989-AB35-5311176F2824}.Debug|Any CPU.Build.0 = Debug|Any CPU
		{E79F63C3-73C6-0989-AB35-5311176F2824}.Release|Any CPU.ActiveCfg = Release|Any CPU
		{E79F63C3-73C6-0989-AB35-5311176F2824}.Release|Any CPU.Build.0 = Release|Any CPU
	EndGlobalSection
	GlobalSection(SolutionProperties) = preSolution
		HideSolutionNode = FALSE
	EndGlobalSection
	GlobalSection(MonoDevelopProperties) = preSolution
		StartupItem = Assembly-CSharp.csproj
	EndGlobalSection
EndGlobal
